
Microsoft Visual Studio Solution File, Format Version 12.00
# Visual Studio Version 17
VisualStudioVersion = 17.5.002.0
MinimumVisualStudioVersion = 10.0.40219.1
Project("{9A19103F-16F7-4668-BE54-9A1E7A4F7556}") = "AsciiArt", "AsciiArt.csproj", "{01BEBAE4-EF4E-44EA-87AF-A0C7EB7CACBA}"
EndProject
Global
	GlobalSection(SolutionConfigurationPlatforms) = preSolution
		Debug|Any CPU = Debug|Any CPU
		Release|Any CPU = Release|Any CPU
	EndGlobalSection
	GlobalSection(ProjectConfigurationPlatforms) = postSolution
		{01BEBAE4-EF4E-44EA-87AF-A0C7EB7CACBA}.Debug|Any CPU.ActiveCfg = Debug|Any CPU
		{01BEBAE4-EF4E-44EA-87AF-A0C7EB7CACBA}.Debug|Any CPU.Build.0 = Debug|Any CPU
		{01BEBAE4-EF4E-44EA-87AF-A0C7EB7CACBA}.Release|Any CPU.ActiveCfg = Release|Any CPU
		{01BEBAE4-EF4E-44EA-87AF-A0C7EB7CACBA}.Release|Any CPU.Build.0 = Release|Any CPU
	EndGlobalSection
	GlobalSection(SolutionProperties) = preSolution
		HideSolutionNode = FALSE
	EndGlobalSection
	GlobalSection(ExtensibilityGlobals) = postSolution
		SolutionGuid = {3632092E-EB56-449A-9147-8D03007AC813}
	EndGlobalSection
EndGlobal
